
Microsoft Visual Studio Solution File, Format Version 12.00
# Visual Studio Version 16
VisualStudioVersion = 16.0.29215.179
MinimumVisualStudioVersion = 15.0.26124.0
Project("{FAE04EC0-301F-11D3-BF4B-00C04F79EFBC}") = "NetFx", "NetFx\NetFx.csproj", "{38EDFAC0-8309-4545-98FC-AC1C635B0543}"
EndProject
Project("{FAE04EC0-301F-11D3-BF4B-00C04F79EFBC}") = "MathLib", "MathLib\MathLib.csproj", "{943AD78E-7C0F-43D2-B241-0622F0558D9C}"
EndProject
Project("{FAE04EC0-301F-11D3-BF4B-00C04F79EFBC}") = "NetCore", "NetCore\NetCore.csproj", "{05265D8E-31DA-43FC-9200-E0F6918A1838}"
EndProject
Global
	GlobalSection(SolutionConfigurationPlatforms) = preSolution
		Debug|Any CPU = Debug|Any CPU
		Debug|x64 = Debug|x64
		Debug|x86 = Debug|x86
		Release|Any CPU = Release|Any CPU
		Release|x64 = Release|x64
		Release|x86 = Release|x86
	EndGlobalSection
	GlobalSection(ProjectConfigurationPlatforms) = postSolution
		{38EDFAC0-8309-4545-98FC-AC1C635B0543}.Debug|Any CPU.ActiveCfg = Debug|Any CPU
		{38EDFAC0-8309-4545-98FC-AC1C635B0543}.Debug|Any CPU.Build.0 = Debug|Any CPU
		{38EDFAC0-8309-4545-98FC-AC1C635B0543}.Debug|x64.ActiveCfg = Debug|Any CPU
		{38EDFAC0-8309-4545-98FC-AC1C635B0543}.Debug|x64.Build.0 = Debug|Any CPU
		{38EDFAC0-8309-4545-98FC-AC1C635B0543}.Debug|x86.ActiveCfg = Debug|Any CPU
		{38EDFAC0-8309-4545-98FC-AC1C635B0543}.Debug|x86.Build.0 = Debug|Any CPU
		{38EDFAC0-8309-4545-98FC-AC1C635B0543}.Release|Any CPU.ActiveCfg = Release|Any CPU
		{38EDFAC0-8309-4545-98FC-AC1C635B0543}.Release|Any CPU.Build.0 = Release|Any CPU
		{38EDFAC0-8309-4545-98FC-AC1C635B0543}.Release|x64.ActiveCfg = Release|Any CPU
		{38EDFAC0-8309-4545-98FC-AC1C635B0543}.Release|x64.Build.0 = Release|Any CPU
		{38EDFAC0-8309-4545-98FC-AC1C635B0543}.Release|x86.ActiveCfg = Release|Any CPU
		{38EDFAC0-8309-4545-98FC-AC1C635B0543}.Release|x86.Build.0 = Release|Any CPU
		{943AD78E-7C0F-43D2-B241-0622F0558D9C}.Debug|Any CPU.ActiveCfg = Debug|Any CPU
		{943AD78E-7C0F-43D2-B241-0622F0558D9C}.Debug|Any CPU.Build.0 = Debug|Any CPU
		{943AD78E-7C0F-43D2-B241-0622F0558D9C}.Debug|x64.ActiveCfg = Debug|Any CPU
		{943AD78E-7C0F-43D2-B241-0622F0558D9C}.Debug|x64.Build.0 = Debug|Any CPU
		{943AD78E-7C0F-43D2-B241-0622F0558D9C}.Debug|x86.ActiveCfg = Debug|Any CPU
		{943AD78E-7C0F-43D2-B241-0622F0558D9C}.Debug|x86.Build.0 = Debug|Any CPU
		{943AD78E-7C0F-43D2-B241-0622F0558D9C}.Release|Any CPU.ActiveCfg = Release|Any CPU
		{943AD78E-7C0F-43D2-B241-0622F0558D9C}.Release|Any CPU.Build.0 = Release|Any CPU
		{943AD78E-7C0F-43D2-B241-0622F0558D9C}.Release|x64.ActiveCfg = Release|Any CPU
		{943AD78E-7C0F-43D2-B241-0622F0558D9C}.Release|x64.Build.0 = Release|Any CPU
		{943AD78E-7C0F-43D2-B241-0622F0558D9C}.Release|x86.ActiveCfg = Release|Any CPU
		{943AD78E-7C0F-43D2-B241-0622F0558D9C}.Release|x86.Build.0 = Release|Any CPU
		{05265D8E-31DA-43FC-9200-E0F6918A1838}.Debug|Any CPU.ActiveCfg = Debug|Any CPU
		{05265D8E-31DA-43FC-9200-E0F6918A1838}.Debug|Any CPU.Build.0 = Debug|Any CPU
		{05265D8E-31DA-43FC-9200-E0F6918A1838}.Debug|x64.ActiveCfg = Debug|Any CPU
		{05265D8E-31DA-43FC-9200-E0F6918A1838}.Debug|x64.Build.0 = Debug|Any CPU
		{05265D8E-31DA-43FC-9200-E0F6918A1838}.Debug|x86.ActiveCfg = Debug|Any CPU
		{05265D8E-31DA-43FC-9200-E0F6918A1838}.Debug|x86.Build.0 = Debug|Any CPU
		{05265D8E-31DA-43FC-9200-E0F6918A1838}.Release|Any CPU.ActiveCfg = Release|Any CPU
		{05265D8E-31DA-43FC-9200-E0F6918A1838}.Release|Any CPU.Build.0 = Release|Any CPU
		{05265D8E-31DA-43FC-9200-E0F6918A1838}.Release|x64.ActiveCfg = Release|Any CPU
		{05265D8E-31DA-43FC-9200-E0F6918A1838}.Release|x64.Build.0 = Release|Any CPU
		{05265D8E-31DA-43FC-9200-E0F6918A1838}.Release|x86.ActiveCfg = Release|Any CPU
		{05265D8E-31DA-43FC-9200-E0F6918A1838}.Release|x86.Build.0 = Release|Any CPU
	EndGlobalSection
	GlobalSection(SolutionProperties) = preSolution
		HideSolutionNode = FALSE
	EndGlobalSection
	GlobalSection(ExtensibilityGlobals) = postSolution
		SolutionGuid = {3F3B9C19-1273-4CFC-B02F-27C0D79CFA92}
	EndGlobalSection
EndGlobal
